
Microsoft Visual Studio Solution File, Format Version 12.00
# Visual Studio Version 17
VisualStudioVersion = 17.6.33815.320
MinimumVisualStudioVersion = 10.0.40219.1
Project("{FAE04EC0-301F-11D3-BF4B-00C04F79EFBC}") = "backend", "backend.csproj", "{297B8763-D198-4617-AB02-BB667235BBB0}"
EndProject
Global
	GlobalSection(SolutionConfigurationPlatforms) = preSolution
		Debug|Any CPU = Debug|Any CPU
		Release|Any CPU = Release|Any CPU
	EndGlobalSection
	GlobalSection(ProjectConfigurationPlatforms) = postSolution
		{297B8763-D198-4617-AB02-BB667235BBB0}.Debug|Any CPU.ActiveCfg = Debug|Any CPU
		{297B8763-D198-4617-AB02-BB667235BBB0}.Debug|Any CPU.Build.0 = Debug|Any CPU
		{297B8763-D198-4617-AB02-BB667235BBB0}.Release|Any CPU.ActiveCfg = Release|Any CPU
		{297B8763-D198-4617-AB02-BB667235BBB0}.Release|Any CPU.Build.0 = Release|Any CPU
	EndGlobalSection
	GlobalSection(SolutionProperties) = preSolution
		HideSolutionNode = FALSE
	EndGlobalSection
	GlobalSection(ExtensibilityGlobals) = postSolution
		SolutionGuid = {A907C594-88C3-48F5-932F-BD82C1F96563}
	EndGlobalSection
EndGlobal
